PODS:
  - desktop_context_menu_macos (0.1.0):
    - FlutterMacOS
  - flutter_platform_alert (0.0.1):
    - FlutterMacOS
  - FlutterMacOS (1.0.0)
  - FMDB (2.7.5):
    - FMDB/standard (= 2.7.5)
  - FMDB/standard (2.7.5)
  - path_provider_macos (0.0.1):
    - FlutterMacOS
  - sqflite (0.0.2):
    - FlutterMacOS
    - FMDB (>= 2.7.5)
  - sqlite3 (3.39.4):
    - sqlite3/common (= 3.39.4)
  - sqlite3/common (3.39.4)
  - sqlite3/fts5 (3.39.4):
    - sqlite3/common
  - sqlite3/perf-threadsafe (3.39.4):
    - sqlite3/common
  - sqlite3/rtree (3.39.4):
    - sqlite3/common
  - sqlite3_flutter_libs (0.0.1):
    - FlutterMacOS
    - sqlite3 (~> 3.39.4)
    - sqlite3/fts5
    - sqlite3/perf-threadsafe
    - sqlite3/rtree

DEPENDENCIES:
  - desktop_context_menu_macos (from `Flutter/ephemeral/.symlinks/plugins/desktop_context_menu_macos/macos`)
  - flutter_platform_alert (from `Flutter/ephemeral/.symlinks/plugins/flutter_platform_alert/macos`)
  - FlutterMacOS (from `Flutter/ephemeral`)
  - path_provider_macos (from `Flutter/ephemeral/.symlinks/plugins/path_provider_macos/macos`)
  - sqflite (from `Flutter/ephemeral/.symlinks/plugins/sqflite/macos`)
  - sqlite3_flutter_libs (from `Flutter/ephemeral/.symlinks/plugins/sqlite3_flutter_libs/macos`)

SPEC REPOS:
  trunk:
    - FMDB
    - sqlite3

EXTERNAL SOURCES:
  desktop_context_menu_macos:
    :path: Flutter/ephemeral/.symlinks/plugins/desktop_context_menu_macos/macos
  flutter_platform_alert:
    :path: Flutter/ephemeral/.symlinks/plugins/flutter_platform_alert/macos
  FlutterMacOS:
    :path: Flutter/ephemeral
  path_provider_macos:
    :path: Flutter/ephemeral/.symlinks/plugins/path_provider_macos/macos
  sqflite:
    :path: Flutter/ephemeral/.symlinks/plugins/sqflite/macos
  sqlite3_flutter_libs:
    :path: Flutter/ephemeral/.symlinks/plugins/sqlite3_flutter_libs/macos

SPEC CHECKSUMS:
  desktop_context_menu_macos: 75dc0a4697165c567eeb0e4cae511d1ecd5131fc
  flutter_platform_alert: b21b2b7d801e71c12ce9ffab618ff114ca9fc903
  FlutterMacOS: ae6af50a8ea7d6103d888583d46bd8328a7e9811
  FMDB: 2ce00b547f966261cd18927a3ddb07cb6f3db82a
  path_provider_macos: 3c0c3b4b0d4a76d2bf989a913c2de869c5641a19
  sqflite: a5789cceda41d54d23f31d6de539d65bb14100ea
  sqlite3: 401936402fe5aa242c07f87fccfee5fc2b606f45
  sqlite3_flutter_libs: db076bb9ff5f17c4e32bdebdec78c382703c71e1

PODFILE CHECKSUM: 6eac6b3292e5142cfc23bdeb71848a40ec51c14c

COCOAPODS: 1.11.2
